
Microsoft Visual Studio Solution File, Format Version 12.00
# Visual Studio 2012
Project("{8BC9CEB8-8B4A-11D0-8D11-00A0C91BC942}") = "TinyGL", "TinyGL\TinyGL.vcxproj", "{22F7B6AA-9185-4E3B-9C43-9E3EE2B7515E}"
	ProjectSection(ProjectDependencies) = postProject
		{2E6E01FC-E86E-4EF1-A3CA-95E07EE45B16} = {2E6E01FC-E86E-4EF1-A3CA-95E07EE45B16}
	EndProjectSection
EndProject
Project("{8BC9CEB8-8B4A-11D0-8D11-00A0C91BC942}") = "TopAnalyzer", "TopAnalyzer\TopAnalyzer.vcxproj", "{38D1996C-5DFF-4266-BDDB-D63AD1DFA68E}"
	ProjectSection(ProjectDependencies) = postProject
		{2E6E01FC-E86E-4EF1-A3CA-95E07EE45B16} = {2E6E01FC-E86E-4EF1-A3CA-95E07EE45B16}
	EndProjectSection
EndProject
Project("{8BC9CEB8-8B4A-11D0-8D11-00A0C91BC942}") = "Visualizer", "Visualizer\Visualizer.vcxproj", "{9D344314-71FC-42BF-B049-1423B2200B57}"
	ProjectSection(ProjectDependencies) = postProject
		{38D1996C-5DFF-4266-BDDB-D63AD1DFA68E} = {38D1996C-5DFF-4266-BDDB-D63AD1DFA68E}
		{C08365A3-5FAE-4AB5-8544-B13D3E6E2C22} = {C08365A3-5FAE-4AB5-8544-B13D3E6E2C22}
		{22F7B6AA-9185-4E3B-9C43-9E3EE2B7515E} = {22F7B6AA-9185-4E3B-9C43-9E3EE2B7515E}
		{2E6E01FC-E86E-4EF1-A3CA-95E07EE45B16} = {2E6E01FC-E86E-4EF1-A3CA-95E07EE45B16}
	EndProjectSection
EndProject
Project("{8BC9CEB8-8B4A-11D0-8D11-00A0C91BC942}") = "Kernel", "Kernel\Kernel.vcxproj", "{2E6E01FC-E86E-4EF1-A3CA-95E07EE45B16}"
EndProject
Project("{2150E333-8FDC-42A3-9474-1A3956D46DE8}") = "Solution Items", "Solution Items", "{46A8AF83-40F1-4BFA-B8F1-00D4B54EA458}"
	ProjectSection(SolutionItems) = preProject
		README = README
	EndProjectSection
EndProject
Project("{8BC9CEB8-8B4A-11D0-8D11-00A0C91BC942}") = "Renderer", "Renderer\Renderer.vcxproj", "{C08365A3-5FAE-4AB5-8544-B13D3E6E2C22}"
	ProjectSection(ProjectDependencies) = postProject
		{38D1996C-5DFF-4266-BDDB-D63AD1DFA68E} = {38D1996C-5DFF-4266-BDDB-D63AD1DFA68E}
		{22F7B6AA-9185-4E3B-9C43-9E3EE2B7515E} = {22F7B6AA-9185-4E3B-9C43-9E3EE2B7515E}
		{2E6E01FC-E86E-4EF1-A3CA-95E07EE45B16} = {2E6E01FC-E86E-4EF1-A3CA-95E07EE45B16}
	EndProjectSection
EndProject
Global
	GlobalSection(SolutionConfigurationPlatforms) = preSolution
		Debug|Win32 = Debug|Win32
		Release|Win32 = Release|Win32
	EndGlobalSection
	GlobalSection(ProjectConfigurationPlatforms) = postSolution
		{22F7B6AA-9185-4E3B-9C43-9E3EE2B7515E}.Debug|Win32.ActiveCfg = Debug|Win32
		{22F7B6AA-9185-4E3B-9C43-9E3EE2B7515E}.Debug|Win32.Build.0 = Debug|Win32
		{22F7B6AA-9185-4E3B-9C43-9E3EE2B7515E}.Release|Win32.ActiveCfg = Release|Win32
		{22F7B6AA-9185-4E3B-9C43-9E3EE2B7515E}.Release|Win32.Build.0 = Release|Win32
		{38D1996C-5DFF-4266-BDDB-D63AD1DFA68E}.Debug|Win32.ActiveCfg = Debug|Win32
		{38D1996C-5DFF-4266-BDDB-D63AD1DFA68E}.Debug|Win32.Build.0 = Debug|Win32
		{38D1996C-5DFF-4266-BDDB-D63AD1DFA68E}.Release|Win32.ActiveCfg = Release|Win32
		{38D1996C-5DFF-4266-BDDB-D63AD1DFA68E}.Release|Win32.Build.0 = Release|Win32
		{9D344314-71FC-42BF-B049-1423B2200B57}.Debug|Win32.ActiveCfg = Debug|Win32
		{9D344314-71FC-42BF-B049-1423B2200B57}.Debug|Win32.Build.0 = Debug|Win32
		{9D344314-71FC-42BF-B049-1423B2200B57}.Release|Win32.ActiveCfg = Release|Win32
		{9D344314-71FC-42BF-B049-1423B2200B57}.Release|Win32.Build.0 = Release|Win32
		{2E6E01FC-E86E-4EF1-A3CA-95E07EE45B16}.Debug|Win32.ActiveCfg = Debug|Win32
		{2E6E01FC-E86E-4EF1-A3CA-95E07EE45B16}.Debug|Win32.Build.0 = Debug|Win32
		{2E6E01FC-E86E-4EF1-A3CA-95E07EE45B16}.Release|Win32.ActiveCfg = Release|Win32
		{2E6E01FC-E86E-4EF1-A3CA-95E07EE45B16}.Release|Win32.Build.0 = Release|Win32
		{C08365A3-5FAE-4AB5-8544-B13D3E6E2C22}.Debug|Win32.ActiveCfg = Debug|Win32
		{C08365A3-5FAE-4AB5-8544-B13D3E6E2C22}.Debug|Win32.Build.0 = Debug|Win32
		{C08365A3-5FAE-4AB5-8544-B13D3E6E2C22}.Release|Win32.ActiveCfg = Release|Win32
		{C08365A3-5FAE-4AB5-8544-B13D3E6E2C22}.Release|Win32.Build.0 = Release|Win32
	EndGlobalSection
	GlobalSection(SolutionProperties) = preSolution
		HideSolutionNode = FALSE
	EndGlobalSection
	GlobalSection(Performance) = preSolution
		HasPerformanceSessions = true
	EndGlobalSection
EndGlobal
