<?xml version="1.0" encoding="utf-8"?>
<Project ToolsVersion="4.0" xmlns="http://schemas.microsoft.com/developer/msbuild/2003">
  <ItemGroup>
    <Filter Include="Source Files">
      <UniqueIdentifier>{90bc402b-a723-4e12-a194-a5f0cd6cd184}</UniqueIdentifier>
    </Filter>
    <Filter Include="Header Files">
      <UniqueIdentifier>{0ec1b8a2-3e5e-42b4-a96d-023ed7e018fb}</UniqueIdentifier>
    </Filter>
  </ItemGroup>
  <ItemGroup>
    <ClInclude Include="src\topanalyzer.h">
      <Filter>Header Files</Filter>
    </ClInclude>
    <ClInclude Include="src\topdata.h">
      <Filter>Header Files</Filter>
    </ClInclude>
    <ClInclude Include="src\topmesh.h">
      <Filter>Header Files</Filter>
    </ClInclude>
    <ClInclude Include="src\ctfunc.h" />
    <ClInclude Include="src\featureset.h" />
  </ItemGroup>
  <ItemGroup>
    <ClCompile Include="src\topanalyzer.cpp">
      <Filter>Source Files</Filter>
    </ClCompile>
    <ClCompile Include="src\topdata.cpp">
      <Filter>Source Files</Filter>
    </ClCompile>
    <ClCompile Include="src\topmesh.cpp">
      <Filter>Source Files</Filter>
    </ClCompile>
    <ClCompile Include="src\ctfunc.cpp" />
  </ItemGroup>
</Project>